// !$*UTF8*$!
{
	archiveVersion = 1;
	classes = {
	};
	objectVersion = 52;
	objects = {

/* Begin PBXBuildFile section */
		2117DD4102D7BB31F338986A /* Pods_Flix_FlixUITests.framework in Frameworks */ = {isa = PBXBuildFile; fileRef = 07E3B2A9D3981640DCD1910E /* Pods_Flix_FlixUITests.framework */; };
		2FF913B827AE07A200A634D6 /* AppDelegate.swift in Sources */ = {isa = PBXBuildFile; fileRef = 2FF913B727AE07A200A634D6 /* AppDelegate.swift */; };
		2FF913BA27AE07A200A634D6 /* SceneDelegate.swift in Sources */ = {isa = PBXBuildFile; fileRef = 2FF913B927AE07A200A634D6 /* SceneDelegate.swift */; };
		2FF913BC27AE07A200A634D6 /* MoviesViewController.swift in Sources */ = {isa = PBXBuildFile; fileRef = 2FF913BB27AE07A200A634D6 /* MoviesViewController.swift */; };
		2FF913BF27AE07A200A634D6 /* Main.storyboard in Resources */ = {isa = PBXBuildFile; fileRef = 2FF913BD27AE07A200A634D6 /* Main.storyboard */; };
		2FF913C127AE07B400A634D6 /* Assets.xcassets in Resources */ = {isa = PBXBuildFile; fileRef = 2FF913C027AE07B400A634D6 /* Assets.xcassets */; };
		2FF913C427AE07B400A634D6 /* LaunchScreen.storyboard in Resources */ = {isa = PBXBuildFile; fileRef = 2FF913C227AE07B400A634D6 /* LaunchScreen.storyboard */; };
		2FF913CF27AE07B500A634D6 /* FlixTests.swift in Sources */ = {isa = PBXBuildFile; fileRef = 2FF913CE27AE07B500A634D6 /* FlixTests.swift */; };
		2FF913DA27AE07B500A634D6 /* FlixUITests.swift in Sources */ = {isa = PBXBuildFile; fileRef = 2FF913D927AE07B500A634D6 /* FlixUITests.swift */; };
		2FF9140C27AE4BFA00A634D6 /* MovieCell.swift in Sources */ = {isa = PBXBuildFile; fileRef = 2FF9140B27AE4BFA00A634D6 /* MovieCell.swift */; };
		2FF9140F27AE516D00A634D6 /* AlamofireImage in Frameworks */ = {isa = PBXBuildFile; productRef = 2FF9140E27AE516D00A634D6 /* AlamofireImage */; };
		5C132AAA2B2DABE47E896B9C /* Pods_Flix.framework in Frameworks */ = {isa = PBXBuildFile; fileRef = D549204437718F722393CB8C /* Pods_Flix.framework */; };
		6585CC1EE59A5E3EA8DF519E /* Pods_FlixTests.framework in Frameworks */ = {isa = PBXBuildFile; fileRef = C37275ADDDE26F92FD3C6719 /* Pods_FlixTests.framework */; };
/* End PBXBuildFile section */

/* Begin PBXContainerItemProxy section */
		2FF913CB27AE07B500A634D6 /* PBXContainerItemProxy */ = {
			isa = PBXContainerItemProxy;
			containerPortal = 2FF913AC27AE07A200A634D6 /* Project object */;
			proxyType = 1;
			remoteGlobalIDString = 2FF913B327AE07A200A634D6;
			remoteInfo = Flix;
		};
		2FF913D627AE07B500A634D6 /* PBXContainerItemProxy */ = {
			isa = PBXContainerItemProxy;
			containerPortal = 2FF913AC27AE07A200A634D6 /* Project object */;
			proxyType = 1;
			remoteGlobalIDString = 2FF913B327AE07A200A634D6;
			remoteInfo = Flix;
		};
/* End PBXContainerItemProxy section */

/* Begin PBXFileReference section */
		07E3B2A9D3981640DCD1910E /* Pods_Flix_FlixUITests.framework */ = {isa = PBXFileReference; explicitFileType = wrapper.framework; includeInIndex = 0; path = Pods_Flix_FlixUITests.framework; sourceTree = BUILT_PRODUCTS_DIR; };
		1E40BC996360FE3DF798FAB9 /* Pods-FlixTests.release.xcconfig */ = {isa = PBXFileReference; includeInIndex = 1; lastKnownFileType = text.xcconfig; name = "Pods-FlixTests.release.xcconfig"; path = "Target Support Files/Pods-FlixTests/Pods-FlixTests.release.xcconfig"; sourceTree = "<group>"; };
		2FF913B427AE07A200A634D6 /* Flix.app */ = {isa = PBXFileReference; explicitFileType = wrapper.application; includeInIndex = 0; path = Flix.app; sourceTree = BUILT_PRODUCTS_DIR; };
		2FF913B727AE07A200A634D6 /* AppDelegate.swift */ = {isa = PBXFileReference; lastKnownFileType = sourcecode.swift; path = AppDelegate.swift; sourceTree = "<group>"; };
		2FF913B927AE07A200A634D6 /* SceneDelegate.swift */ = {isa = PBXFileReference; lastKnownFileType = sourcecode.swift; path = SceneDelegate.swift; sourceTree = "<group>"; };
		2FF913BB27AE07A200A634D6 /* MoviesViewController.swift */ = {isa = PBXFileReference; lastKnownFileType = sourcecode.swift; path = MoviesViewController.swift; sourceTree = "<group>"; };
		2FF913BE27AE07A200A634D6 /* Base */ = {isa = PBXFileReference; lastKnownFileType = file.storyboard; name = Base; path = Base.lproj/Main.storyboard; sourceTree = "<group>"; };
		2FF913C027AE07B400A634D6 /* Assets.xcassets */ = {isa = PBXFileReference; lastKnownFileType = folder.assetcatalog; path = Assets.xcassets; sourceTree = "<group>"; };
		2FF913C327AE07B400A634D6 /* Base */ = {isa = PBXFileReference; lastKnownFileType = file.storyboard; name = Base; path = Base.lproj/LaunchScreen.storyboard; sourceTree = "<group>"; };
		2FF913C527AE07B400A634D6 /* Info.plist */ = {isa = PBXFileReference; lastKnownFileType = text.plist.xml; path = Info.plist; sourceTree = "<group>"; };
		2FF913CA27AE07B500A634D6 /* FlixTests.xctest */ = {isa = PBXFileReference; explicitFileType = wrapper.cfbundle; includeInIndex = 0; path = FlixTests.xctest; sourceTree = BUILT_PRODUCTS_DIR; };
		2FF913CE27AE07B500A634D6 /* FlixTests.swift */ = {isa = PBXFileReference; lastKnownFileType = sourcecode.swift; path = FlixTests.swift; sourceTree = "<group>"; };
		2FF913D027AE07B500A634D6 /* Info.plist */ = {isa = PBXFileReference; lastKnownFileType = text.plist.xml; path = Info.plist; sourceTree = "<group>"; };
		2FF913D527AE07B500A634D6 /* FlixUITests.xctest */ = {isa = PBXFileReference; explicitFileType = wrapper.cfbundle; includeInIndex = 0; path = FlixUITests.xctest; sourceTree = BUILT_PRODUCTS_DIR; };
		2FF913D927AE07B500A634D6 /* FlixUITests.swift */ = {isa = PBXFileReference; lastKnownFileType = sourcecode.swift; path = FlixUITests.swift; sourceTree = "<group>"; };
		2FF913DB27AE07B500A634D6 /* Info.plist */ = {isa = PBXFileReference; lastKnownFileType = text.plist.xml; path = Info.plist; sourceTree = "<group>"; };
		2FF9140B27AE4BFA00A634D6 /* MovieCell.swift */ = {isa = PBXFileReference; lastKnownFileType = sourcecode.swift; path = MovieCell.swift; sourceTree = "<group>"; };
		4197913EFEA9C7B7F8FF07F6 /* Pods-Flix-FlixUITests.debug.xcconfig */ = {isa = PBXFileReference; includeInIndex = 1; lastKnownFileType = text.xcconfig; name = "Pods-Flix-FlixUITests.debug.xcconfig"; path = "Target Support Files/Pods-Flix-FlixUITests/Pods-Flix-FlixUITests.debug.xcconfig"; sourceTree = "<group>"; };
		59A9AA5053B673A6BC7255F7 /* Pods-Flix-FlixUITests.release.xcconfig */ = {isa = PBXFileReference; includeInIndex = 1; lastKnownFileType = text.xcconfig; name = "Pods-Flix-FlixUITests.release.xcconfig"; path = "Target Support Files/Pods-Flix-FlixUITests/Pods-Flix-FlixUITests.release.xcconfig"; sourceTree = "<group>"; };
		60DEAEC6C104E1A4D36E159D /* Pods-Flix.debug.xcconfig */ = {isa = PBXFileReference; includeInIndex = 1; lastKnownFileType = text.xcconfig; name = "Pods-Flix.debug.xcconfig"; path = "Target Support Files/Pods-Flix/Pods-Flix.debug.xcconfig"; sourceTree = "<group>"; };
		B301A28B3543DB8452338EBF /* Pods-Flix.release.xcconfig */ = {isa = PBXFileReference; includeInIndex = 1; lastKnownFileType = text.xcconfig; name = "Pods-Flix.release.xcconfig"; path = "Target Support Files/Pods-Flix/Pods-Flix.release.xcconfig"; sourceTree = "<group>"; };
		C37275ADDDE26F92FD3C6719 /* Pods_FlixTests.framework */ = {isa = PBXFileReference; explicitFileType = wrapper.framework; includeInIndex = 0; path = Pods_FlixTests.framework; sourceTree = BUILT_PRODUCTS_DIR; };
		C5FAA02F4E4BA8477C3B88BA /* Pods-FlixTests.debug.xcconfig */ = {isa = PBXFileReference; includeInIndex = 1; lastKnownFileType = text.xcconfig; name = "Pods-FlixTests.debug.xcconfig"; path = "Target Support Files/Pods-FlixTests/Pods-FlixTests.debug.xcconfig"; sourceTree = "<group>"; };
		D549204437718F722393CB8C /* Pods_Flix.framework */ = {isa = PBXFileReference; explicitFileType = wrapper.framework; includeInIndex = 0; path = Pods_Flix.framework; sourceTree = BUILT_PRODUCTS_DIR; };
/* End PBXFileReference section */

/* Begin PBXFrameworksBuildPhase section */
		2FF913B127AE07A200A634D6 /* Frameworks */ = {
			isa = PBXFrameworksBuildPhase;
			buildActionMask = 2147483647;
			files = (
				2FF9140F27AE516D00A634D6 /* AlamofireImage in Frameworks */,
				5C132AAA2B2DABE47E896B9C /* Pods_Flix.framework in Frameworks */,
			);
			runOnlyForDeploymentPostprocessing = 0;
		};
		2FF913C727AE07B500A634D6 /* Frameworks */ = {
			isa = PBXFrameworksBuildPhase;
			buildActionMask = 2147483647;
			files = (
				6585CC1EE59A5E3EA8DF519E /* Pods_FlixTests.framework in Frameworks */,
			);
			runOnlyForDeploymentPostprocessing = 0;
		};
		2FF913D227AE07B500A634D6 /* Frameworks */ = {
			isa = PBXFrameworksBuildPhase;
			buildActionMask = 2147483647;
			files = (
				2117DD4102D7BB31F338986A /* Pods_Flix_FlixUITests.framework in Frameworks */,
			);
			runOnlyForDeploymentPostprocessing = 0;
		};
/* End PBXFrameworksBuildPhase section */

/* Begin PBXGroup section */
		2FF913AB27AE07A200A634D6 = {
			isa = PBXGroup;
			children = (
				2FF913B627AE07A200A634D6 /* Flix */,
				2FF913CD27AE07B500A634D6 /* FlixTests */,
				2FF913D827AE07B500A634D6 /* FlixUITests */,
				2FF913B527AE07A200A634D6 /* Products */,
				B85098EA7C189C5352CBB6C2 /* Pods */,
				8F5F226C1FC84DCBD1AFFA71 /* Frameworks */,
			);
			sourceTree = "<group>";
		};
		2FF913B527AE07A200A634D6 /* Products */ = {
			isa = PBXGroup;
			children = (
				2FF913B427AE07A200A634D6 /* Flix.app */,
				2FF913CA27AE07B500A634D6 /* FlixTests.xctest */,
				2FF913D527AE07B500A634D6 /* FlixUITests.xctest */,
			);
			name = Products;
			sourceTree = "<group>";
		};
		2FF913B627AE07A200A634D6 /* Flix */ = {
			isa = PBXGroup;
			children = (
				2FF913B727AE07A200A634D6 /* AppDelegate.swift */,
				2FF913B927AE07A200A634D6 /* SceneDelegate.swift */,
				2FF913BB27AE07A200A634D6 /* MoviesViewController.swift */,
				2FF913BD27AE07A200A634D6 /* Main.storyboard */,
				2FF913C027AE07B400A634D6 /* Assets.xcassets */,
				2FF913C227AE07B400A634D6 /* LaunchScreen.storyboard */,
				2FF913C527AE07B400A634D6 /* Info.plist */,
				2FF9140B27AE4BFA00A634D6 /* MovieCell.swift */,
			);
			path = Flix;
			sourceTree = "<group>";
		};
		2FF913CD27AE07B500A634D6 /* FlixTests */ = {
			isa = PBXGroup;
			children = (
				2FF913CE27AE07B500A634D6 /* FlixTests.swift */,
				2FF913D027AE07B500A634D6 /* Info.plist */,
			);
			path = FlixTests;
			sourceTree = "<group>";
		};
		2FF913D827AE07B500A634D6 /* FlixUITests */ = {
			isa = PBXGroup;
			children = (
				2FF913D927AE07B500A634D6 /* FlixUITests.swift */,
				2FF913DB27AE07B500A634D6 /* Info.plist */,
			);
			path = FlixUITests;
			sourceTree = "<group>";
		};
		8F5F226C1FC84DCBD1AFFA71 /* Frameworks */ = {
			isa = PBXGroup;
			children = (
				D549204437718F722393CB8C /* Pods_Flix.framework */,
				07E3B2A9D3981640DCD1910E /* Pods_Flix_FlixUITests.framework */,
				C37275ADDDE26F92FD3C6719 /* Pods_FlixTests.framework */,
			);
			name = Frameworks;
			sourceTree = "<group>";
		};
		B85098EA7C189C5352CBB6C2 /* Pods */ = {
			isa = PBXGroup;
			children = (
				60DEAEC6C104E1A4D36E159D /* Pods-Flix.debug.xcconfig */,
				B301A28B3543DB8452338EBF /* Pods-Flix.release.xcconfig */,
				4197913EFEA9C7B7F8FF07F6 /* Pods-Flix-FlixUITests.debug.xcconfig */,
				59A9AA5053B673A6BC7255F7 /* Pods-Flix-FlixUITests.release.xcconfig */,
				C5FAA02F4E4BA8477C3B88BA /* Pods-FlixTests.debug.xcconfig */,
				1E40BC996360FE3DF798FAB9 /* Pods-FlixTests.release.xcconfig */,
			);
			name = Pods;
			path = Pods;
			sourceTree = "<group>";
		};
/* End PBXGroup section */

/* Begin PBXNativeTarget section */
		2FF913B327AE07A200A634D6 /* Flix */ = {
			isa = PBXNativeTarget;
			buildConfigurationList = 2FF913DE27AE07B500A634D6 /* Build configuration list for PBXNativeTarget "Flix" */;
			buildPhases = (
				0F07E8E59C8FA6DE8A083CC1 /* [CP] Check Pods Manifest.lock */,
				2FF913B027AE07A200A634D6 /* Sources */,
				2FF913B127AE07A200A634D6 /* Frameworks */,
				2FF913B227AE07A200A634D6 /* Resources */,
				1600D08F901050E8A446EAE5 /* [CP] Embed Pods Frameworks */,
			);
			buildRules = (
			);
			dependencies = (
			);
			name = Flix;
			packageProductDependencies = (
				2FF9140E27AE516D00A634D6 /* AlamofireImage */,
			);
			productName = Flix;
			productReference = 2FF913B427AE07A200A634D6 /* Flix.app */;
			productType = "com.apple.product-type.application";
		};
		2FF913C927AE07B500A634D6 /* FlixTests */ = {
			isa = PBXNativeTarget;
			buildConfigurationList = 2FF913E127AE07B500A634D6 /* Build configuration list for PBXNativeTarget "FlixTests" */;
			buildPhases = (
				0CD8318F5E7D65E5AB5064E9 /* [CP] Check Pods Manifest.lock */,
				2FF913C627AE07B500A634D6 /* Sources */,
				2FF913C727AE07B500A634D6 /* Frameworks */,
				2FF913C827AE07B500A634D6 /* Resources */,
			);
			buildRules = (
			);
			dependencies = (
				2FF913CC27AE07B500A634D6 /* PBXTargetDependency */,
			);
			name = FlixTests;
			productName = FlixTests;
			productReference = 2FF913CA27AE07B500A634D6 /* FlixTests.xctest */;
			productType = "com.apple.product-type.bundle.unit-test";
		};
		2FF913D427AE07B500A634D6 /* FlixUITests */ = {
			isa = PBXNativeTarget;
			buildConfigurationList = 2FF913E427AE07B500A634D6 /* Build configuration list for PBXNativeTarget "FlixUITests" */;
			buildPhases = (
				857AFBA5EBA4583613CFE834 /* [CP] Check Pods Manifest.lock */,
				2FF913D127AE07B500A634D6 /* Sources */,
				2FF913D227AE07B500A634D6 /* Frameworks */,
				2FF913D327AE07B500A634D6 /* Resources */,
				59D4C3AA1651372840403D4C /* [CP] Embed Pods Frameworks */,
			);
			buildRules = (
			);
			dependencies = (
				2FF913D727AE07B500A634D6 /* PBXTargetDependency */,
			);
			name = FlixUITests;
			productName = FlixUITests;
			productReference = 2FF913D527AE07B500A634D6 /* FlixUITests.xctest */;
			productType = "com.apple.product-type.bundle.ui-testing";
		};
/* End PBXNativeTarget section */

/* Begin PBXProject section */
		2FF913AC27AE07A200A634D6 /* Project object */ = {
			isa = PBXProject;
			attributes = {
				LastSwiftUpdateCheck = 1250;
				LastUpgradeCheck = 1250;
				TargetAttributes = {
					2FF913B327AE07A200A634D6 = {
						CreatedOnToolsVersion = 12.5.1;
					};
					2FF913C927AE07B500A634D6 = {
						CreatedOnToolsVersion = 12.5.1;
						TestTargetID = 2FF913B327AE07A200A634D6;
					};
					2FF913D427AE07B500A634D6 = {
						CreatedOnToolsVersion = 12.5.1;
						TestTargetID = 2FF913B327AE07A200A634D6;
					};
				};
			};
			buildConfigurationList = 2FF913AF27AE07A200A634D6 /* Build configuration list for PBXProject "Flix" */;
			compatibilityVersion = "Xcode 9.3";
			developmentRegion = en;
			hasScannedForEncodings = 0;
			knownRegions = (
				en,
				Base,
			);
			mainGroup = 2FF913AB27AE07A200A634D6;
			packageReferences = (
				2FF9140D27AE516D00A634D6 /* XCRemoteSwiftPackageReference "AlamofireImage" */,
			);
			productRefGroup = 2FF913B527AE07A200A634D6 /* Products */;
			projectDirPath = "";
			projectRoot = "";
			targets = (
				2FF913B327AE07A200A634D6 /* Flix */,
				2FF913C927AE07B500A634D6 /* FlixTests */,
				2FF913D427AE07B500A634D6 /* FlixUITests */,
			);
		};
/* End PBXProject section */

/* Begin PBXResourcesBuildPhase section */
		2FF913B227AE07A200A634D6 /* Resources */ = {
			isa = PBXResourcesBuildPhase;
			buildActionMask = 2147483647;
			files = (
				2FF913C427AE07B400A634D6 /* LaunchScreen.storyboard in Resources */,
				2FF913C127AE07B400A634D6 /* Assets.xcassets in Resources */,
				2FF913BF27AE07A200A634D6 /* Main.storyboard in Resources */,
			);
			runOnlyForDeploymentPostprocessing = 0;
		};
		2FF913C827AE07B500A634D6 /* Resources */ = {
			isa = PBXResourcesBuildPhase;
			buildActionMask = 2147483647;
			files = (
			);
			runOnlyForDeploymentPostprocessing = 0;
		};
		2FF913D327AE07B500A634D6 /* Resources */ = {
			isa = PBXResourcesBuildPhase;
			buildActionMask = 2147483647;
			files = (
			);
			runOnlyForDeploymentPostprocessing = 0;
		};
/* End PBXResourcesBuildPhase section */

/* Begin PBXShellScriptBuildPhase section */
		0CD8318F5E7D65E5AB5064E9 /* [CP] Check Pods Manifest.lock */ = {
			isa = PBXShellScriptBuildPhase;
			buildActionMask = 2147483647;
			files = (
			);
			inputFileListPaths = (
			);
			inputPaths = (
				"${PODS_PODFILE_DIR_PATH}/Podfile.lock",
				"${PODS_ROOT}/Manifest.lock",
			);
			name = "[CP] Check Pods Manifest.lock";
			outputFileListPaths = (
			);
			outputPaths = (
				"$(DERIVED_FILE_DIR)/Pods-FlixTests-checkManifestLockResult.txt",
			);
			runOnlyForDeploymentPostprocessing = 0;
			shellPath = /bin/sh;
			shellScript = "diff \"${PODS_PODFILE_DIR_PATH}/Podfile.lock\" \"${PODS_ROOT}/Manifest.lock\" > /dev/null\nif [ $? != 0 ] ; then\n    # print error to STDERR\n    echo \"error: The sandbox is not in sync with the Podfile.lock. Run 'pod install' or update your CocoaPods installation.\" >&2\n    exit 1\nfi\n# This output is used by Xcode 'outputs' to avoid re-running this script phase.\necho \"SUCCESS\" > \"${SCRIPT_OUTPUT_FILE_0}\"\n";
			showEnvVarsInLog = 0;
		};
		0F07E8E59C8FA6DE8A083CC1 /* [CP] Check Pods Manifest.lock */ = {
			isa = PBXShellScriptBuildPhase;
			buildActionMask = 2147483647;
			files = (
			);
			inputFileListPaths = (
			);
			inputPaths = (
				"${PODS_PODFILE_DIR_PATH}/Podfile.lock",
				"${PODS_ROOT}/Manifest.lock",
			);
			name = "[CP] Check Pods Manifest.lock";
			outputFileListPaths = (
			);
			outputPaths = (
				"$(DERIVED_FILE_DIR)/Pods-Flix-checkManifestLockResult.txt",
			);
			runOnlyForDeploymentPostprocessing = 0;
			shellPath = /bin/sh;
			shellScript = "diff \"${PODS_PODFILE_DIR_PATH}/Podfile.lock\" \"${PODS_ROOT}/Manifest.lock\" > /dev/null\nif [ $? != 0 ] ; then\n    # print error to STDERR\n    echo \"error: The sandbox is not in sync with the Podfile.lock. Run 'pod install' or update your CocoaPods installation.\" >&2\n    exit 1\nfi\n# This output is used by Xcode 'outputs' to avoid re-running this script phase.\necho \"SUCCESS\" > \"${SCRIPT_OUTPUT_FILE_0}\"\n";
			showEnvVarsInLog = 0;
		};
		1600D08F901050E8A446EAE5 /* [CP] Embed Pods Frameworks */ = {
			isa = PBXShellScriptBuildPhase;
			buildActionMask = 2147483647;
			files = (
			);
			inputFileListPaths = (
				"${PODS_ROOT}/Target Support Files/Pods-Flix/Pods-Flix-frameworks-${CONFIGURATION}-input-files.xcfilelist",
			);
			name = "[CP] Embed Pods Frameworks";
			outputFileListPaths = (
				"${PODS_ROOT}/Target Support Files/Pods-Flix/Pods-Flix-frameworks-${CONFIGURATION}-output-files.xcfilelist",
			);
			runOnlyForDeploymentPostprocessing = 0;
			shellPath = /bin/sh;
			shellScript = "\"${PODS_ROOT}/Target Support Files/Pods-Flix/Pods-Flix-frameworks.sh\"\n";
			showEnvVarsInLog = 0;
		};
		59D4C3AA1651372840403D4C /* [CP] Embed Pods Frameworks */ = {
			isa = PBXShellScriptBuildPhase;
			buildActionMask = 2147483647;
			files = (
			);
			inputFileListPaths = (
				"${PODS_ROOT}/Target Support Files/Pods-Flix-FlixUITests/Pods-Flix-FlixUITests-frameworks-${CONFIGURATION}-input-files.xcfilelist",
			);
			name = "[CP] Embed Pods Frameworks";
			outputFileListPaths = (
				"${PODS_ROOT}/Target Support Files/Pods-Flix-FlixUITests/Pods-Flix-FlixUITests-frameworks-${CONFIGURATION}-output-files.xcfilelist",
			);
			runOnlyForDeploymentPostprocessing = 0;
			shellPath = /bin/sh;
			shellScript = "\"${PODS_ROOT}/Target Support Files/Pods-Flix-FlixUITests/Pods-Flix-FlixUITests-frameworks.sh\"\n";
			showEnvVarsInLog = 0;
		};
		857AFBA5EBA4583613CFE834 /* [CP] Check Pods Manifest.lock */ = {
			isa = PBXShellScriptBuildPhase;
			buildActionMask = 2147483647;
			files = (
			);
			inputFileListPaths = (
			);
			inputPaths = (
				"${PODS_PODFILE_DIR_PATH}/Podfile.lock",
				"${PODS_ROOT}/Manifest.lock",
			);
			name = "[CP] Check Pods Manifest.lock";
			outputFileListPaths = (
			);
			outputPaths = (
				"$(DERIVED_FILE_DIR)/Pods-Flix-FlixUITests-checkManifestLockResult.txt",
			);
			runOnlyForDeploymentPostprocessing = 0;
			shellPath = /bin/sh;
			shellScript = "diff \"${PODS_PODFILE_DIR_PATH}/Podfile.lock\" \"${PODS_ROOT}/Manifest.lock\" > /dev/null\nif [ $? != 0 ] ; then\n    # print error to STDERR\n    echo \"error: The sandbox is not in sync with the Podfile.lock. Run 'pod install' or update your CocoaPods installation.\" >&2\n    exit 1\nfi\n# This output is used by Xcode 'outputs' to avoid re-running this script phase.\necho \"SUCCESS\" > \"${SCRIPT_OUTPUT_FILE_0}\"\n";
			showEnvVarsInLog = 0;
		};
/* End PBXShellScriptBuildPhase section */

/* Begin PBXSourcesBuildPhase section */
		2FF913B027AE07A200A634D6 /* Sources */ = {
			isa = PBXSourcesBuildPhase;
			buildActionMask = 2147483647;
			files = (
				2FF913BC27AE07A200A634D6 /* MoviesViewController.swift in Sources */,
				2FF913B827AE07A200A634D6 /* AppDelegate.swift in Sources */,
				2FF9140C27AE4BFA00A634D6 /* MovieCell.swift in Sources */,
				2FF913BA27AE07A200A634D6 /* SceneDelegate.swift in Sources */,
			);
			runOnlyForDeploymentPostprocessing = 0;
		};
		2FF913C627AE07B500A634D6 /* Sources */ = {
			isa = PBXSourcesBuildPhase;
			buildActionMask = 2147483647;
			files = (
				2FF913CF27AE07B500A634D6 /* FlixTests.swift in Sources */,
			);
			runOnlyForDeploymentPostprocessing = 0;
		};
		2FF913D127AE07B500A634D6 /* Sources */ = {
			isa = PBXSourcesBuildPhase;
			buildActionMask = 2147483647;
			files = (
				2FF913DA27AE07B500A634D6 /* FlixUITests.swift in Sources */,
			);
			runOnlyForDeploymentPostprocessing = 0;
		};
/* End PBXSourcesBuildPhase section */

/* Begin PBXTargetDependency section */
		2FF913CC27AE07B500A634D6 /* PBXTargetDependency */ = {
			isa = PBXTargetDependency;
			target = 2FF913B327AE07A200A634D6 /* Flix */;
			targetProxy = 2FF913CB27AE07B500A634D6 /* PBXContainerItemProxy */;
		};
		2FF913D727AE07B500A634D6 /* PBXTargetDependency */ = {
			isa = PBXTargetDependency;
			target = 2FF913B327AE07A200A634D6 /* Flix */;
			targetProxy = 2FF913D627AE07B500A634D6 /* PBXContainerItemProxy */;
		};
/* End PBXTargetDependency section */

/* Begin PBXVariantGroup section */
		2FF913BD27AE07A200A634D6 /* Main.storyboard */ = {
			isa = PBXVariantGroup;
			children = (
				2FF913BE27AE07A200A634D6 /* Base */,
			);
			name = Main.storyboard;
			sourceTree = "<group>";
		};
		2FF913C227AE07B400A634D6 /* LaunchScreen.storyboard */ = {
			isa = PBXVariantGroup;
			children = (
				2FF913C327AE07B400A634D6 /* Base */,
			);
			name = LaunchScreen.storyboard;
			sourceTree = "<group>";
		};
/* End PBXVariantGroup section */

/* Begin XCBuildConfiguration section */
		2FF913DC27AE07B500A634D6 /* Debug */ = {
			isa = XCBuildConfiguration;
			buildSettings = {
				ALWAYS_SEARCH_USER_PATHS = NO;
				CLANG_ANALYZER_NONNULL = YES;
				CLANG_ANALYZER_NUMBER_OBJECT_CONVERSION = YES_AGGRESSIVE;
				CLANG_CXX_LANGUAGE_STANDARD = "gnu++14";
				CLANG_CXX_LIBRARY = "libc++";
				CLANG_ENABLE_MODULES = YES;
				CLANG_ENABLE_OBJC_ARC = YES;
				CLANG_ENABLE_OBJC_WEAK = YES;
				CLANG_WARN_BLOCK_CAPTURE_AUTORELEASING = YES;
				CLANG_WARN_BOOL_CONVERSION = YES;
				CLANG_WARN_COMMA = YES;
				CLANG_WARN_CONSTANT_CONVERSION = YES;
				CLANG_WARN_DEPRECATED_OBJC_IMPLEMENTATIONS = YES;
				CLANG_WARN_DIRECT_OBJC_ISA_USAGE = YES_ERROR;
				CLANG_WARN_DOCUMENTATION_COMMENTS = YES;
				CLANG_WARN_EMPTY_BODY = YES;
				CLANG_WARN_ENUM_CONVERSION = YES;
				CLANG_WARN_INFINITE_RECURSION = YES;
				CLANG_WARN_INT_CONVERSION = YES;
				CLANG_WARN_NON_LITERAL_NULL_CONVERSION = YES;
				CLANG_WARN_OBJC_IMPLICIT_RETAIN_SELF = YES;
				CLANG_WARN_OBJC_LITERAL_CONVERSION = YES;
				CLANG_WARN_OBJC_ROOT_CLASS = YES_ERROR;
				CLANG_WARN_QUOTED_INCLUDE_IN_FRAMEWORK_HEADER = YES;
				CLANG_WARN_RANGE_LOOP_ANALYSIS = YES;
				CLANG_WARN_STRICT_PROTOTYPES = YES;
				CLANG_WARN_SUSPICIOUS_MOVE = YES;
				CLANG_WARN_UNGUARDED_AVAILABILITY = YES_AGGRESSIVE;
				CLANG_WARN_UNREACHABLE_CODE = YES;
				CLANG_WARN__DUPLICATE_METHOD_MATCH = YES;
				COPY_PHASE_STRIP = NO;
				DEBUG_INFORMATION_FORMAT = dwarf;
				ENABLE_STRICT_OBJC_MSGSEND = YES;
				ENABLE_TESTABILITY = YES;
				GCC_C_LANGUAGE_STANDARD = gnu11;
				GCC_DYNAMIC_NO_PIC = NO;
				GCC_NO_COMMON_BLOCKS = YES;
				GCC_OPTIMIZATION_LEVEL = 0;
				GCC_PREPROCESSOR_DEFINITIONS = (
					"DEBUG=1",
					"$(inherited)",
				);
				GCC_WARN_64_TO_32_BIT_CONVERSION = YES;
				GCC_WARN_ABOUT_RETURN_TYPE = YES_ERROR;
				GCC_WARN_UNDECLARED_SELECTOR = YES;
				GCC_WARN_UNINITIALIZED_AUTOS = YES_AGGRESSIVE;
				GCC_WARN_UNUSED_FUNCTION = YES;
				GCC_WARN_UNUSED_VARIABLE = YES;
				IPHONEOS_DEPLOYMENT_TARGET = 14.5;
				MTL_ENABLE_DEBUG_INFO = INCLUDE_SOURCE;
				MTL_FAST_MATH = YES;
				ONLY_ACTIVE_ARCH = YES;
				SDKROOT = iphoneos;
				SWIFT_ACTIVE_COMPILATION_CONDITIONS = DEBUG;
				SWIFT_OPTIMIZATION_LEVEL = "-Onone";
			};
			name = Debug;
		};
		2FF913DD27AE07B500A634D6 /* Release */ = {
			isa = XCBuildConfiguration;
			buildSettings = {
				ALWAYS_SEARCH_USER_PATHS = NO;
				CLANG_ANALYZER_NONNULL = YES;
				CLANG_ANALYZER_NUMBER_OBJECT_CONVERSION = YES_AGGRESSIVE;
				CLANG_CXX_LANGUAGE_STANDARD = "gnu++14";
				CLANG_CXX_LIBRARY = "libc++";
				CLANG_ENABLE_MODULES = YES;
				CLANG_ENABLE_OBJC_ARC = YES;
				CLANG_ENABLE_OBJC_WEAK = YES;
				CLANG_WARN_BLOCK_CAPTURE_AUTORELEASING = YES;
				CLANG_WARN_BOOL_CONVERSION = YES;
				CLANG_WARN_COMMA = YES;
				CLANG_WARN_CONSTANT_CONVERSION = YES;
				CLANG_WARN_DEPRECATED_OBJC_IMPLEMENTATIONS = YES;
				CLANG_WARN_DIRECT_OBJC_ISA_USAGE = YES_ERROR;
				CLANG_WARN_DOCUMENTATION_COMMENTS = YES;
				CLANG_WARN_EMPTY_BODY = YES;
				CLANG_WARN_ENUM_CONVERSION = YES;
				CLANG_WARN_INFINITE_RECURSION = YES;
				CLANG_WARN_INT_CONVERSION = YES;
				CLANG_WARN_NON_LITERAL_NULL_CONVERSION = YES;
				CLANG_WARN_OBJC_IMPLICIT_RETAIN_SELF = YES;
				CLANG_WARN_OBJC_LITERAL_CONVERSION = YES;
				CLANG_WARN_OBJC_ROOT_CLASS = YES_ERROR;
				CLANG_WARN_QUOTED_INCLUDE_IN_FRAMEWORK_HEADER = YES;
				CLANG_WARN_RANGE_LOOP_ANALYSIS = YES;
				CLANG_WARN_STRICT_PROTOTYPES = YES;
				CLANG_WARN_SUSPICIOUS_MOVE = YES;
				CLANG_WARN_UNGUARDED_AVAILABILITY = YES_AGGRESSIVE;
				CLANG_WARN_UNREACHABLE_CODE = YES;
				CLANG_WARN__DUPLICATE_METHOD_MATCH = YES;
				COPY_PHASE_STRIP = NO;
				DEBUG_INFORMATION_FORMAT = "dwarf-with-dsym";
				ENABLE_NS_ASSERTIONS = NO;
				ENABLE_STRICT_OBJC_MSGSEND = YES;
				GCC_C_LANGUAGE_STANDARD = gnu11;
				GCC_NO_COMMON_BLOCKS = YES;
				GCC_WARN_64_TO_32_BIT_CONVERSION = YES;
				GCC_WARN_ABOUT_RETURN_TYPE = YES_ERROR;
				GCC_WARN_UNDECLARED_SELECTOR = YES;
				GCC_WARN_UNINITIALIZED_AUTOS = YES_AGGRESSIVE;
				GCC_WARN_UNUSED_FUNCTION = YES;
				GCC_WARN_UNUSED_VARIABLE = YES;
				IPHONEOS_DEPLOYMENT_TARGET = 14.5;
				MTL_ENABLE_DEBUG_INFO = NO;
				MTL_FAST_MATH = YES;
				SDKROOT = iphoneos;
				SWIFT_COMPILATION_MODE = wholemodule;
				SWIFT_OPTIMIZATION_LEVEL = "-O";
				VALIDATE_PRODUCT = YES;
			};
			name = Release;
		};
		2FF913DF27AE07B500A634D6 /* Debug */ = {
			isa = XCBuildConfiguration;
			baseConfigurationReference = 60DEAEC6C104E1A4D36E159D /* Pods-Flix.debug.xcconfig */;
			buildSettings = {
				ASSETCATALOG_COMPILER_APPICON_NAME = AppIcon;
				ASSETCATALOG_COMPILER_GLOBAL_ACCENT_COLOR_NAME = AccentColor;
				CODE_SIGN_STYLE = Automatic;
				DEVELOPMENT_TEAM = BSAX964WBU;
				INFOPLIST_FILE = Flix/Info.plist;
				LD_RUNPATH_SEARCH_PATHS = (
					"$(inherited)",
					"@executable_path/Frameworks",
				);
				PRODUCT_BUNDLE_IDENTIFIER = com.pcast086.Flix;
				PRODUCT_NAME = "$(TARGET_NAME)";
				SWIFT_VERSION = 5.0;
				TARGETED_DEVICE_FAMILY = "1,2";
			};
			name = Debug;
		};
		2FF913E027AE07B500A634D6 /* Release */ = {
			isa = XCBuildConfiguration;
			baseConfigurationReference = B301A28B3543DB8452338EBF /* Pods-Flix.release.xcconfig */;
			buildSettings = {
				ASSETCATALOG_COMPILER_APPICON_NAME = AppIcon;
				ASSETCATALOG_COMPILER_GLOBAL_ACCENT_COLOR_NAME = AccentColor;
				CODE_SIGN_STYLE = Automatic;
				DEVELOPMENT_TEAM = BSAX964WBU;
				INFOPLIST_FILE = Flix/Info.plist;
				LD_RUNPATH_SEARCH_PATHS = (
					"$(inherited)",
					"@executable_path/Frameworks",
				);
				PRODUCT_BUNDLE_IDENTIFIER = com.pcast086.Flix;
				PRODUCT_NAME = "$(TARGET_NAME)";
				SWIFT_VERSION = 5.0;
				TARGETED_DEVICE_FAMILY = "1,2";
			};
			name = Release;
		};
		2FF913E227AE07B500A634D6 /* Debug */ = {
			isa = XCBuildConfiguration;
			baseConfigurationReference = C5FAA02F4E4BA8477C3B88BA /* Pods-FlixTests.debug.xcconfig */;
			buildSettings = {
				ALWAYS_EMBED_SWIFT_STANDARD_LIBRARIES = YES;
				BUNDLE_LOADER = "$(TEST_HOST)";
				CODE_SIGN_STYLE = Automatic;
				DEVELOPMENT_TEAM = BSAX964WBU;
				INFOPLIST_FILE = FlixTests/Info.plist;
				IPHONEOS_DEPLOYMENT_TARGET = 14.5;
				LD_RUNPATH_SEARCH_PATHS = (
					"$(inherited)",
					"@executable_path/Frameworks",
					"@loader_path/Frameworks",
				);
				PRODUCT_BUNDLE_IDENTIFIER = com.pcast086.FlixTests;
				PRODUCT_NAME = "$(TARGET_NAME)";
				SWIFT_VERSION = 5.0;
				TARGETED_DEVICE_FAMILY = "1,2";
				TEST_HOST = "$(BUILT_PRODUCTS_DIR)/Flix.app/Flix";
			};
			name = Debug;
		};
		2FF913E327AE07B500A634D6 /* Release */ = {
			isa = XCBuildConfiguration;
			baseConfigurationReference = 1E40BC996360FE3DF798FAB9 /* Pods-FlixTests.release.xcconfig */;
			buildSettings = {
				ALWAYS_EMBED_SWIFT_STANDARD_LIBRARIES = YES;
				BUNDLE_LOADER = "$(TEST_HOST)";
				CODE_SIGN_STYLE = Automatic;
				DEVELOPMENT_TEAM = BSAX964WBU;
				INFOPLIST_FILE = FlixTests/Info.plist;
				IPHONEOS_DEPLOYMENT_TARGET = 14.5;
				LD_RUNPATH_SEARCH_PATHS = (
					"$(inherited)",
					"@executable_path/Frameworks",
					"@loader_path/Frameworks",
				);
				PRODUCT_BUNDLE_IDENTIFIER = com.pcast086.FlixTests;
				PRODUCT_NAME = "$(TARGET_NAME)";
				SWIFT_VERSION = 5.0;
				TARGETED_DEVICE_FAMILY = "1,2";
				TEST_HOST = "$(BUILT_PRODUCTS_DIR)/Flix.app/Flix";
			};
			name = Release;
		};
		2FF913E527AE07B500A634D6 /* Debug */ = {
			isa = XCBuildConfiguration;
			baseConfigurationReference = 4197913EFEA9C7B7F8FF07F6 /* Pods-Flix-FlixUITests.debug.xcconfig */;
			buildSettings = {
				ALWAYS_EMBED_SWIFT_STANDARD_LIBRARIES = YES;
				CODE_SIGN_STYLE = Automatic;
				DEVELOPMENT_TEAM = BSAX964WBU;
				INFOPLIST_FILE = FlixUITests/Info.plist;
				LD_RUNPATH_SEARCH_PATHS = (
					"$(inherited)",
					"@executable_path/Frameworks",
					"@loader_path/Frameworks",
				);
				PRODUCT_BUNDLE_IDENTIFIER = com.pcast086.FlixUITests;
				PRODUCT_NAME = "$(TARGET_NAME)";
				SWIFT_VERSION = 5.0;
				TARGETED_DEVICE_FAMILY = "1,2";
				TEST_TARGET_NAME = Flix;
			};
			name = Debug;
		};
		2FF913E627AE07B500A634D6 /* Release */ = {
			isa = XCBuildConfiguration;
			baseConfigurationReference = 59A9AA5053B673A6BC7255F7 /* Pods-Flix-FlixUITests.release.xcconfig */;
			buildSettings = {
				ALWAYS_EMBED_SWIFT_STANDARD_LIBRARIES = YES;
				CODE_SIGN_STYLE = Automatic;
				DEVELOPMENT_TEAM = BSAX964WBU;
				INFOPLIST_FILE = FlixUITests/Info.plist;
				LD_RUNPATH_SEARCH_PATHS = (
					"$(inherited)",
					"@executable_path/Frameworks",
					"@loader_path/Frameworks",
				);
				PRODUCT_BUNDLE_IDENTIFIER = com.pcast086.FlixUITests;
				PRODUCT_NAME = "$(TARGET_NAME)";
				SWIFT_VERSION = 5.0;
				TARGETED_DEVICE_FAMILY = "1,2";
				TEST_TARGET_NAME = Flix;
			};
			name = Release;
		};
/* End XCBuildConfiguration section */

/* Begin XCConfigurationList section */
		2FF913AF27AE07A200A634D6 /* Build configuration list for PBXProject "Flix" */ = {
			isa = XCConfigurationList;
			buildConfigurations = (
				2FF913DC27AE07B500A634D6 /* Debug */,
				2FF913DD27AE07B500A634D6 /* Release */,
			);
			defaultConfigurationIsVisible = 0;
			defaultConfigurationName = Release;
		};
		2FF913DE27AE07B500A634D6 /* Build configuration list for PBXNativeTarget "Flix" */ = {
			isa = XCConfigurationList;
			buildConfigurations = (
				2FF913DF27AE07B500A634D6 /* Debug */,
				2FF913E027AE07B500A634D6 /* Release */,
			);
			defaultConfigurationIsVisible = 0;
			defaultConfigurationName = Release;
		};
		2FF913E127AE07B500A634D6 /* Build configuration list for PBXNativeTarget "FlixTests" */ = {
			isa = XCConfigurationList;
			buildConfigurations = (
				2FF913E227AE07B500A634D6 /* Debug */,
				2FF913E327AE07B500A634D6 /* Release */,
			);
			defaultConfigurationIsVisible = 0;
			defaultConfigurationName = Release;
		};
		2FF913E427AE07B500A634D6 /* Build configuration list for PBXNativeTarget "FlixUITests" */ = {
			isa = XCConfigurationList;
			buildConfigurations = (
				2FF913E527AE07B500A634D6 /* Debug */,
				2FF913E627AE07B500A634D6 /* Release */,
			);
			defaultConfigurationIsVisible = 0;
			defaultConfigurationName = Release;
		};
/* End XCConfigurationList section */

/* Begin XCRemoteSwiftPackageReference section */
		2FF9140D27AE516D00A634D6 /* XCRemoteSwiftPackageReference "AlamofireImage" */ = {
			isa = XCRemoteSwiftPackageReference;
			repositoryURL = "https://github.com/Alamofire/AlamofireImage";
			requirement = {
				kind = upToNextMajorVersion;
				minimumVersion = 4.2.0;
			};
		};
/* End XCRemoteSwiftPackageReference section */

/* Begin XCSwiftPackageProductDependency section */
		2FF9140E27AE516D00A634D6 /* AlamofireImage */ = {
			isa = XCSwiftPackageProductDependency;
			package = 2FF9140D27AE516D00A634D6 /* XCRemoteSwiftPackageReference "AlamofireImage" */;
			productName = AlamofireImage;
		};
/* End XCSwiftPackageProductDependency section */
	};
	rootObject = 2FF913AC27AE07A200A634D6 /* Project object */;
}
